// !$*UTF8*$!
{
	archiveVersion = 1;
	classes = {
	};
	objectVersion = 50;
	objects = {

/* Begin PBXBuildFile section */
		37F319412146EDAB00BD546B /* BattleshipBoard.swift in Sources */ = {isa = PBXBuildFile; fileRef = 37F3193A2146EDAA00BD546B /* BattleshipBoard.swift */; };
		37F319422146EDAB00BD546B /* Coordinates.swift in Sources */ = {isa = PBXBuildFile; fileRef = 37F3193B2146EDAA00BD546B /* Coordinates.swift */; };
		37F319432146EDAB00BD546B /* Cell.swift in Sources */ = {isa = PBXBuildFile; fileRef = 37F3193C2146EDAA00BD546B /* Cell.swift */; };
		37F319442146EDAB00BD546B /* BattleshipGame.swift in Sources */ = {isa = PBXBuildFile; fileRef = 37F3193D2146EDAA00BD546B /* BattleshipGame.swift */; };
		37F319452146EDAB00BD546B /* Player.swift in Sources */ = {isa = PBXBuildFile; fileRef = 37F3193E2146EDAA00BD546B /* Player.swift */; };
		37F319462146EDAB00BD546B /* Ship.swift in Sources */ = {isa = PBXBuildFile; fileRef = 37F3193F2146EDAB00BD546B /* Ship.swift */; };
		37F319472146EDAB00BD546B /* main.swift in Sources */ = {isa = PBXBuildFile; fileRef = 37F319402146EDAB00BD546B /* main.swift */; };
/* End PBXBuildFile section */

/* Begin PBXCopyFilesBuildPhase section */
		37F3192E2146ED8200BD546B /* CopyFiles */ = {
			isa = PBXCopyFilesBuildPhase;
			buildActionMask = 2147483647;
			dstPath = /usr/share/man/man1/;
			dstSubfolderSpec = 0;
			files = (
			);
			runOnlyForDeploymentPostprocessing = 1;
		};
/* End PBXCopyFilesBuildPhase section */

/* Begin PBXFileReference section */
		37F319302146ED8200BD546B /* BattleShip */ = {isa = PBXFileReference; explicitFileType = "compiled.mach-o.executable"; includeInIndex = 0; path = BattleShip; sourceTree = BUILT_PRODUCTS_DIR; };
		37F3193A2146EDAA00BD546B /* BattleshipBoard.swift */ = {isa = PBXFileReference; fileEncoding = 4; lastKnownFileType = sourcecode.swift; name = BattleshipBoard.swift; path = ../../../../Downloads/Untitled_Message/BattleshipBoard.swift; sourceTree = "<group>"; };
		37F3193B2146EDAA00BD546B /* Coordinates.swift */ = {isa = PBXFileReference; fileEncoding = 4; lastKnownFileType = sourcecode.swift; name = Coordinates.swift; path = ../../../../Downloads/Untitled_Message/Coordinates.swift; sourceTree = "<group>"; };
		37F3193C2146EDAA00BD546B /* Cell.swift */ = {isa = PBXFileReference; fileEncoding = 4; lastKnownFileType = sourcecode.swift; name = Cell.swift; path = ../../../../Downloads/Untitled_Message/Cell.swift; sourceTree = "<group>"; };
		37F3193D2146EDAA00BD546B /* BattleshipGame.swift */ = {isa = PBXFileReference; fileEncoding = 4; lastKnownFileType = sourcecode.swift; name = BattleshipGame.swift; path = ../../../../Downloads/Untitled_Message/BattleshipGame.swift; sourceTree = "<group>"; };
		37F3193E2146EDAA00BD546B /* Player.swift */ = {isa = PBXFileReference; fileEncoding = 4; lastKnownFileType = sourcecode.swift; name = Player.swift; path = ../../../../Downloads/Untitled_Message/Player.swift; sourceTree = "<group>"; };
		37F3193F2146EDAB00BD546B /* Ship.swift */ = {isa = PBXFileReference; fileEncoding = 4; lastKnownFileType = sourcecode.swift; name = Ship.swift; path = ../../../../Downloads/Untitled_Message/Ship.swift; sourceTree = "<group>"; };
		37F319402146EDAB00BD546B /* main.swift */ = {isa = PBXFileReference; fileEncoding = 4; lastKnownFileType = sourcecode.swift; name = main.swift; path = ../../../../Downloads/Untitled_Message/main.swift; sourceTree = "<group>"; };
/* End PBXFileReference section */

/* Begin PBXFrameworksBuildPhase section */
		37F3192D2146ED8200BD546B /* Frameworks */ = {
			isa = PBXFrameworksBuildPhase;
			buildActionMask = 2147483647;
			files = (
			);
			runOnlyForDeploymentPostprocessing = 0;
		};
/* End PBXFrameworksBuildPhase section */

/* Begin PBXGroup section */
		37F319272146ED8200BD546B = {
			isa = PBXGroup;
			children = (
				37F319322146ED8200BD546B /* BattleShip */,
				37F319312146ED8200BD546B /* Products */,
			);
			sourceTree = "<group>";
		};
		37F319312146ED8200BD546B /* Products */ = {
			isa = PBXGroup;
			children = (
				37F319302146ED8200BD546B /* BattleShip */,
			);
			name = Products;
			sourceTree = "<group>";
		};
		37F319322146ED8200BD546B /* BattleShip */ = {
			isa = PBXGroup;
			children = (
				37F319402146EDAB00BD546B /* main.swift */,
				37F3193A2146EDAA00BD546B /* BattleshipBoard.swift */,
				37F3193C2146EDAA00BD546B /* Cell.swift */,
				37F3193B2146EDAA00BD546B /* Coordinates.swift */,
				37F3193E2146EDAA00BD546B /* Player.swift */,
				37F3193F2146EDAB00BD546B /* Ship.swift */,
				37F3193D2146EDAA00BD546B /* BattleshipGame.swift */,
			);
			path = BattleShip;
			sourceTree = "<group>";
		};
/* End PBXGroup section */

/* Begin PBXNativeTarget section */
		37F3192F2146ED8200BD546B /* BattleShip */ = {
			isa = PBXNativeTarget;
			buildConfigurationList = 37F319372146ED8200BD546B /* Build configuration list for PBXNativeTarget "BattleShip" */;
			buildPhases = (
				37F3192C2146ED8200BD546B /* Sources */,
				37F3192D2146ED8200BD546B /* Frameworks */,
				37F3192E2146ED8200BD546B /* CopyFiles */,
			);
			buildRules = (
			);
			dependencies = (
			);
			name = BattleShip;
			productName = BattleShip;
			productReference = 37F319302146ED8200BD546B /* BattleShip */;
			productType = "com.apple.product-type.tool";
		};
/* End PBXNativeTarget section */

/* Begin PBXProject section */
		37F319282146ED8200BD546B /* Project object */ = {
			isa = PBXProject;
			attributes = {
				LastSwiftUpdateCheck = 0940;
				LastUpgradeCheck = 0940;
				ORGANIZATIONNAME = "Reid, Jon Carl";
				TargetAttributes = {
					37F3192F2146ED8200BD546B = {
						CreatedOnToolsVersion = 9.4.1;
					};
				};
			};
			buildConfigurationList = 37F3192B2146ED8200BD546B /* Build configuration list for PBXProject "BattleShip" */;
			compatibilityVersion = "Xcode 9.3";
			developmentRegion = en;
			hasScannedForEncodings = 0;
			knownRegions = (
				en,
			);
			mainGroup = 37F319272146ED8200BD546B;
			productRefGroup = 37F319312146ED8200BD546B /* Products */;
			projectDirPath = "";
			projectRoot = "";
			targets = (
				37F3192F2146ED8200BD546B /* BattleShip */,
			);
		};
/* End PBXProject section */

/* Begin PBXSourcesBuildPhase section */
		37F3192C2146ED8200BD546B /* Sources */ = {
			isa = PBXSourcesBuildPhase;
			buildActionMask = 2147483647;
			files = (
				37F319442146EDAB00BD546B /* BattleshipGame.swift in Sources */,
				37F319422146EDAB00BD546B /* Coordinates.swift in Sources */,
				37F319472146EDAB00BD546B /* main.swift in Sources */,
				37F319432146EDAB00BD546B /* Cell.swift in Sources */,
				37F319412146EDAB00BD546B /* BattleshipBoard.swift in Sources */,
				37F319452146EDAB00BD546B /* Player.swift in Sources */,
				37F319462146EDAB00BD546B /* Ship.swift in Sources */,
			);
			runOnlyForDeploymentPostprocessing = 0;
		};
/* End PBXSourcesBuildPhase section */

/* Begin XCBuildConfiguration section */
		37F319352146ED8200BD546B /* Debug */ = {
			isa = XCBuildConfiguration;
			buildSettings = {
				ALWAYS_SEARCH_USER_PATHS = NO;
				CLANG_ANALYZER_NONNULL = YES;
				CLANG_ANALYZER_NUMBER_OBJECT_CONVERSION = YES_AGGRESSIVE;
				CLANG_CXX_LANGUAGE_STANDARD = "gnu++14";
				CLANG_CXX_LIBRARY = "libc++";
				CLANG_ENABLE_MODULES = YES;
				CLANG_ENABLE_OBJC_ARC = YES;
				CLANG_ENABLE_OBJC_WEAK = YES;
				CLANG_WARN_BLOCK_CAPTURE_AUTORELEASING = YES;
				CLANG_WARN_BOOL_CONVERSION = YES;
				CLANG_WARN_COMMA = YES;
				CLANG_WARN_CONSTANT_CONVERSION = YES;
				CLANG_WARN_DEPRECATED_OBJC_IMPLEMENTATIONS = YES;
				CLANG_WARN_DIRECT_OBJC_ISA_USAGE = YES_ERROR;
				CLANG_WARN_DOCUMENTATION_COMMENTS = YES;
				CLANG_WARN_EMPTY_BODY = YES;
				CLANG_WARN_ENUM_CONVERSION = YES;
				CLANG_WARN_INFINITE_RECURSION = YES;
				CLANG_WARN_INT_CONVERSION = YES;
				CLANG_WARN_NON_LITERAL_NULL_CONVERSION = YES;
				CLANG_WARN_OBJC_IMPLICIT_RETAIN_SELF = YES;
				CLANG_WARN_OBJC_LITERAL_CONVERSION = YES;
				CLANG_WARN_OBJC_ROOT_CLASS = YES_ERROR;
				CLANG_WARN_RANGE_LOOP_ANALYSIS = YES;
				CLANG_WARN_STRICT_PROTOTYPES = YES;
				CLANG_WARN_SUSPICIOUS_MOVE = YES;
				CLANG_WARN_UNGUARDED_AVAILABILITY = YES_AGGRESSIVE;
				CLANG_WARN_UNREACHABLE_CODE = YES;
				CLANG_WARN__DUPLICATE_METHOD_MATCH = YES;
				CODE_SIGN_IDENTITY = "-";
				COPY_PHASE_STRIP = NO;
				DEBUG_INFORMATION_FORMAT = dwarf;
				ENABLE_STRICT_OBJC_MSGSEND = YES;
				ENABLE_TESTABILITY = YES;
				GCC_C_LANGUAGE_STANDARD = gnu11;
				GCC_DYNAMIC_NO_PIC = NO;
				GCC_NO_COMMON_BLOCKS = YES;
				GCC_OPTIMIZATION_LEVEL = 0;
				GCC_PREPROCESSOR_DEFINITIONS = (
					"DEBUG=1",
					"$(inherited)",
				);
				GCC_WARN_64_TO_32_BIT_CONVERSION = YES;
				GCC_WARN_ABOUT_RETURN_TYPE = YES_ERROR;
				GCC_WARN_UNDECLARED_SELECTOR = YES;
				GCC_WARN_UNINITIALIZED_AUTOS = YES_AGGRESSIVE;
				GCC_WARN_UNUSED_FUNCTION = YES;
				GCC_WARN_UNUSED_VARIABLE = YES;
				MACOSX_DEPLOYMENT_TARGET = 10.13;
				MTL_ENABLE_DEBUG_INFO = YES;
				ONLY_ACTIVE_ARCH = YES;
				SDKROOT = macosx;
				SWIFT_ACTIVE_COMPILATION_CONDITIONS = DEBUG;
				SWIFT_OPTIMIZATION_LEVEL = "-Onone";
			};
			name = Debug;
		};
		37F319362146ED8200BD546B /* Release */ = {
			isa = XCBuildConfiguration;
			buildSettings = {
				ALWAYS_SEARCH_USER_PATHS = NO;
				CLANG_ANALYZER_NONNULL = YES;
				CLANG_ANALYZER_NUMBER_OBJECT_CONVERSION = YES_AGGRESSIVE;
				CLANG_CXX_LANGUAGE_STANDARD = "gnu++14";
				CLANG_CXX_LIBRARY = "libc++";
				CLANG_ENABLE_MODULES = YES;
				CLANG_ENABLE_OBJC_ARC = YES;
				CLANG_ENABLE_OBJC_WEAK = YES;
				CLANG_WARN_BLOCK_CAPTURE_AUTORELEASING = YES;
				CLANG_WARN_BOOL_CONVERSION = YES;
				CLANG_WARN_COMMA = YES;
				CLANG_WARN_CONSTANT_CONVERSION = YES;
				CLANG_WARN_DEPRECATED_OBJC_IMPLEMENTATIONS = YES;
				CLANG_WARN_DIRECT_OBJC_ISA_USAGE = YES_ERROR;
				CLANG_WARN_DOCUMENTATION_COMMENTS = YES;
				CLANG_WARN_EMPTY_BODY = YES;
				CLANG_WARN_ENUM_CONVERSION = YES;
				CLANG_WARN_INFINITE_RECURSION = YES;
				CLANG_WARN_INT_CONVERSION = YES;
				CLANG_WARN_NON_LITERAL_NULL_CONVERSION = YES;
				CLANG_WARN_OBJC_IMPLICIT_RETAIN_SELF = YES;
				CLANG_WARN_OBJC_LITERAL_CONVERSION = YES;
				CLANG_WARN_OBJC_ROOT_CLASS = YES_ERROR;
				CLANG_WARN_RANGE_LOOP_ANALYSIS = YES;
				CLANG_WARN_STRICT_PROTOTYPES = YES;
				CLANG_WARN_SUSPICIOUS_MOVE = YES;
				CLANG_WARN_UNGUARDED_AVAILABILITY = YES_AGGRESSIVE;
				CLANG_WARN_UNREACHABLE_CODE = YES;
				CLANG_WARN__DUPLICATE_METHOD_MATCH = YES;
				CODE_SIGN_IDENTITY = "-";
				COPY_PHASE_STRIP = NO;
				DEBUG_INFORMATION_FORMAT = "dwarf-with-dsym";
				ENABLE_NS_ASSERTIONS = NO;
				ENABLE_STRICT_OBJC_MSGSEND = YES;
				GCC_C_LANGUAGE_STANDARD = gnu11;
				GCC_NO_COMMON_BLOCKS = YES;
				GCC_WARN_64_TO_32_BIT_CONVERSION = YES;
				GCC_WARN_ABOUT_RETURN_TYPE = YES_ERROR;
				GCC_WARN_UNDECLARED_SELECTOR = YES;
				GCC_WARN_UNINITIALIZED_AUTOS = YES_AGGRESSIVE;
				GCC_WARN_UNUSED_FUNCTION = YES;
				GCC_WARN_UNUSED_VARIABLE = YES;
				MACOSX_DEPLOYMENT_TARGET = 10.13;
				MTL_ENABLE_DEBUG_INFO = NO;
				SDKROOT = macosx;
				SWIFT_COMPILATION_MODE = wholemodule;
				SWIFT_OPTIMIZATION_LEVEL = "-O";
			};
			name = Release;
		};
		37F319382146ED8200BD546B /* Debug */ = {
			isa = XCBuildConfiguration;
			buildSettings = {
				CODE_SIGN_STYLE = Automatic;
				PRODUCT_NAME = "$(TARGET_NAME)";
				SWIFT_VERSION = 4.0;
			};
			name = Debug;
		};
		37F319392146ED8200BD546B /* Release */ = {
			isa = XCBuildConfiguration;
			buildSettings = {
				CODE_SIGN_STYLE = Automatic;
				PRODUCT_NAME = "$(TARGET_NAME)";
				SWIFT_VERSION = 4.0;
			};
			name = Release;
		};
/* End XCBuildConfiguration section */

/* Begin XCConfigurationList section */
		37F3192B2146ED8200BD546B /* Build configuration list for PBXProject "BattleShip" */ = {
			isa = XCConfigurationList;
			buildConfigurations = (
				37F319352146ED8200BD546B /* Debug */,
				37F319362146ED8200BD546B /* Release */,
			);
			defaultConfigurationIsVisible = 0;
			defaultConfigurationName = Release;
		};
		37F319372146ED8200BD546B /* Build configuration list for PBXNativeTarget "BattleShip" */ = {
			isa = XCConfigurationList;
			buildConfigurations = (
				37F319382146ED8200BD546B /* Debug */,
				37F319392146ED8200BD546B /* Release */,
			);
			defaultConfigurationIsVisible = 0;
			defaultConfigurationName = Release;
		};
/* End XCConfigurationList section */
	};
	rootObject = 37F319282146ED8200BD546B /* Project object */;
}
